// !$*UTF8*$!
{
	archiveVersion = 1;
	classes = {
	};
	objectVersion = 46;
	objects = {

/* Begin PBXBuildFile section */
		953D9C001A6C46EC0097CBDD /* AppDelegate.swift in Sources */ = {isa = PBXBuildFile; fileRef = 953D9BFF1A6C46EC0097CBDD /* AppDelegate.swift */; };
		953D9C021A6C46EC0097CBDD /* ViewController.swift in Sources */ = {isa = PBXBuildFile; fileRef = 953D9C011A6C46EC0097CBDD /* ViewController.swift */; };
		953D9C051A6C46EC0097CBDD /* Main.storyboard in Resources */ = {isa = PBXBuildFile; fileRef = 953D9C031A6C46EC0097CBDD /* Main.storyboard */; };
		953D9C071A6C46EC0097CBDD /* Images.xcassets in Resources */ = {isa = PBXBuildFile; fileRef = 953D9C061A6C46EC0097CBDD /* Images.xcassets */; };
		953D9C0A1A6C46EC0097CBDD /* LaunchScreen.xib in Resources */ = {isa = PBXBuildFile; fileRef = 953D9C081A6C46EC0097CBDD /* LaunchScreen.xib */; };
		953D9C161A6C46EC0097CBDD /* Button_FunTests.swift in Sources */ = {isa = PBXBuildFile; fileRef = 953D9C151A6C46EC0097CBDD /* Button_FunTests.swift */; };
/* End PBXBuildFile section */

/* Begin PBXContainerItemProxy section */
		953D9C101A6C46EC0097CBDD /* PBXContainerItemProxy */ = {
			isa = PBXContainerItemProxy;
			containerPortal = 953D9BF21A6C46EC0097CBDD /* Project object */;
			proxyType = 1;
			remoteGlobalIDString = 953D9BF91A6C46EC0097CBDD;
			remoteInfo = "Button Fun";
		};
/* End PBXContainerItemProxy section */

/* Begin PBXFileReference section */
		953D9BFA1A6C46EC0097CBDD /* Button Fun.app */ = {isa = PBXFileReference; explicitFileType = wrapper.application; includeInIndex = 0; path = "Button Fun.app"; sourceTree = BUILT_PRODUCTS_DIR; };
		953D9BFE1A6C46EC0097CBDD /* Info.plist */ = {isa = PBXFileReference; lastKnownFileType = text.plist.xml; path = Info.plist; sourceTree = "<group>"; };
		953D9BFF1A6C46EC0097CBDD /* AppDelegate.swift */ = {isa = PBXFileReference; lastKnownFileType = sourcecode.swift; path = AppDelegate.swift; sourceTree = "<group>"; };
		953D9C011A6C46EC0097CBDD /* ViewController.swift */ = {isa = PBXFileReference; lastKnownFileType = sourcecode.swift; path = ViewController.swift; sourceTree = "<group>"; };
		953D9C041A6C46EC0097CBDD /* Base */ = {isa = PBXFileReference; lastKnownFileType = file.storyboard; name = Base; path = Base.lproj/Main.storyboard; sourceTree = "<group>"; };
		953D9C061A6C46EC0097CBDD /* Images.xcassets */ = {isa = PBXFileReference; lastKnownFileType = folder.assetcatalog; path = Images.xcassets; sourceTree = "<group>"; };
		953D9C091A6C46EC0097CBDD /* Base */ = {isa = PBXFileReference; lastKnownFileType = file.xib; name = Base; path = Base.lproj/LaunchScreen.xib; sourceTree = "<group>"; };
		953D9C0F1A6C46EC0097CBDD /* Button FunTests.xctest */ = {isa = PBXFileReference; explicitFileType = wrapper.cfbundle; includeInIndex = 0; path = "Button FunTests.xctest"; sourceTree = BUILT_PRODUCTS_DIR; };
		953D9C141A6C46EC0097CBDD /* Info.plist */ = {isa = PBXFileReference; lastKnownFileType = text.plist.xml; path = Info.plist; sourceTree = "<group>"; };
		953D9C151A6C46EC0097CBDD /* Button_FunTests.swift */ = {isa = PBXFileReference; lastKnownFileType = sourcecode.swift; path = Button_FunTests.swift; sourceTree = "<group>"; };
/* End PBXFileReference section */

/* Begin PBXFrameworksBuildPhase section */
		953D9BF71A6C46EC0097CBDD /* Frameworks */ = {
			isa = PBXFrameworksBuildPhase;
			buildActionMask = 2147483647;
			files = (
			);
			runOnlyForDeploymentPostprocessing = 0;
		};
		953D9C0C1A6C46EC0097CBDD /* Frameworks */ = {
			isa = PBXFrameworksBuildPhase;
			buildActionMask = 2147483647;
			files = (
			);
			runOnlyForDeploymentPostprocessing = 0;
		};
/* End PBXFrameworksBuildPhase section */

/* Begin PBXGroup section */
		953D9BF11A6C46EC0097CBDD = {
			isa = PBXGroup;
			children = (
				953D9BFC1A6C46EC0097CBDD /* Button Fun */,
				953D9C121A6C46EC0097CBDD /* Button FunTests */,
				953D9BFB1A6C46EC0097CBDD /* Products */,
			);
			sourceTree = "<group>";
		};
		953D9BFB1A6C46EC0097CBDD /* Products */ = {
			isa = PBXGroup;
			children = (
				953D9BFA1A6C46EC0097CBDD /* Button Fun.app */,
				953D9C0F1A6C46EC0097CBDD /* Button FunTests.xctest */,
			);
			name = Products;
			sourceTree = "<group>";
		};
		953D9BFC1A6C46EC0097CBDD /* Button Fun */ = {
			isa = PBXGroup;
			children = (
				953D9BFF1A6C46EC0097CBDD /* AppDelegate.swift */,
				953D9C011A6C46EC0097CBDD /* ViewController.swift */,
				953D9C031A6C46EC0097CBDD /* Main.storyboard */,
				953D9C061A6C46EC0097CBDD /* Images.xcassets */,
				953D9C081A6C46EC0097CBDD /* LaunchScreen.xib */,
				953D9BFD1A6C46EC0097CBDD /* Supporting Files */,
			);
			path = "Button Fun";
			sourceTree = "<group>";
		};
		953D9BFD1A6C46EC0097CBDD /* Supporting Files */ = {
			isa = PBXGroup;
			children = (
				953D9BFE1A6C46EC0097CBDD /* Info.plist */,
			);
			name = "Supporting Files";
			sourceTree = "<group>";
		};
		953D9C121A6C46EC0097CBDD /* Button FunTests */ = {
			isa = PBXGroup;
			children = (
				953D9C151A6C46EC0097CBDD /* Button_FunTests.swift */,
				953D9C131A6C46EC0097CBDD /* Supporting Files */,
			);
			path = "Button FunTests";
			sourceTree = "<group>";
		};
		953D9C131A6C46EC0097CBDD /* Supporting Files */ = {
			isa = PBXGroup;
			children = (
				953D9C141A6C46EC0097CBDD /* Info.plist */,
			);
			name = "Supporting Files";
			sourceTree = "<group>";
		};
/* End PBXGroup section */

/* Begin PBXNativeTarget section */
		953D9BF91A6C46EC0097CBDD /* Button Fun */ = {
			isa = PBXNativeTarget;
			buildConfigurationList = 953D9C191A6C46EC0097CBDD /* Build configuration list for PBXNativeTarget "Button Fun" */;
			buildPhases = (
				953D9BF61A6C46EC0097CBDD /* Sources */,
				953D9BF71A6C46EC0097CBDD /* Frameworks */,
				953D9BF81A6C46EC0097CBDD /* Resources */,
			);
			buildRules = (
			);
			dependencies = (
			);
			name = "Button Fun";
			productName = "Button Fun";
			productReference = 953D9BFA1A6C46EC0097CBDD /* Button Fun.app */;
			productType = "com.apple.product-type.application";
		};
		953D9C0E1A6C46EC0097CBDD /* Button FunTests */ = {
			isa = PBXNativeTarget;
			buildConfigurationList = 953D9C1C1A6C46EC0097CBDD /* Build configuration list for PBXNativeTarget "Button FunTests" */;
			buildPhases = (
				953D9C0B1A6C46EC0097CBDD /* Sources */,
				953D9C0C1A6C46EC0097CBDD /* Frameworks */,
				953D9C0D1A6C46EC0097CBDD /* Resources */,
			);
			buildRules = (
			);
			dependencies = (
				953D9C111A6C46EC0097CBDD /* PBXTargetDependency */,
			);
			name = "Button FunTests";
			productName = "Button FunTests";
			productReference = 953D9C0F1A6C46EC0097CBDD /* Button FunTests.xctest */;
			productType = "com.apple.product-type.bundle.unit-test";
		};
/* End PBXNativeTarget section */

/* Begin PBXProject section */
		953D9BF21A6C46EC0097CBDD /* Project object */ = {
			isa = PBXProject;
			attributes = {
				LastUpgradeCheck = 0610;
				ORGANIZATIONNAME = dugancathal;
				TargetAttributes = {
					953D9BF91A6C46EC0097CBDD = {
						CreatedOnToolsVersion = 6.1.1;
					};
					953D9C0E1A6C46EC0097CBDD = {
						CreatedOnToolsVersion = 6.1.1;
						TestTargetID = 953D9BF91A6C46EC0097CBDD;
					};
				};
			};
			buildConfigurationList = 953D9BF51A6C46EC0097CBDD /* Build configuration list for PBXProject "Button Fun" */;
			compatibilityVersion = "Xcode 3.2";
			developmentRegion = English;
			hasScannedForEncodings = 0;
			knownRegions = (
				en,
				Base,
			);
			mainGroup = 953D9BF11A6C46EC0097CBDD;
			productRefGroup = 953D9BFB1A6C46EC0097CBDD /* Products */;
			projectDirPath = "";
			projectRoot = "";
			targets = (
				953D9BF91A6C46EC0097CBDD /* Button Fun */,
				953D9C0E1A6C46EC0097CBDD /* Button FunTests */,
			);
		};
/* End PBXProject section */

/* Begin PBXResourcesBuildPhase section */
		953D9BF81A6C46EC0097CBDD /* Resources */ = {
			isa = PBXResourcesBuildPhase;
			buildActionMask = 2147483647;
			files = (
				953D9C051A6C46EC0097CBDD /* Main.storyboard in Resources */,
				953D9C0A1A6C46EC0097CBDD /* LaunchScreen.xib in Resources */,
				953D9C071A6C46EC0097CBDD /* Images.xcassets in Resources */,
			);
			runOnlyForDeploymentPostprocessing = 0;
		};
		953D9C0D1A6C46EC0097CBDD /* Resources */ = {
			isa = PBXResourcesBuildPhase;
			buildActionMask = 2147483647;
			files = (
			);
			runOnlyForDeploymentPostprocessing = 0;
		};
/* End PBXResourcesBuildPhase section */

/* Begin PBXSourcesBuildPhase section */
		953D9BF61A6C46EC0097CBDD /* Sources */ = {
			isa = PBXSourcesBuildPhase;
			buildActionMask = 2147483647;
			files = (
				953D9C021A6C46EC0097CBDD /* ViewController.swift in Sources */,
				953D9C001A6C46EC0097CBDD /* AppDelegate.swift in Sources */,
			);
			runOnlyForDeploymentPostprocessing = 0;
		};
		953D9C0B1A6C46EC0097CBDD /* Sources */ = {
			isa = PBXSourcesBuildPhase;
			buildActionMask = 2147483647;
			files = (
				953D9C161A6C46EC0097CBDD /* Button_FunTests.swift in Sources */,
			);
			runOnlyForDeploymentPostprocessing = 0;
		};
/* End PBXSourcesBuildPhase section */

/* Begin PBXTargetDependency section */
		953D9C111A6C46EC0097CBDD /* PBXTargetDependency */ = {
			isa = PBXTargetDependency;
			target = 953D9BF91A6C46EC0097CBDD /* Button Fun */;
			targetProxy = 953D9C101A6C46EC0097CBDD /* PBXContainerItemProxy */;
		};
/* End PBXTargetDependency section */

/* Begin PBXVariantGroup section */
		953D9C031A6C46EC0097CBDD /* Main.storyboard */ = {
			isa = PBXVariantGroup;
			children = (
				953D9C041A6C46EC0097CBDD /* Base */,
			);
			name = Main.storyboard;
			sourceTree = "<group>";
		};
		953D9C081A6C46EC0097CBDD /* LaunchScreen.xib */ = {
			isa = PBXVariantGroup;
			children = (
				953D9C091A6C46EC0097CBDD /* Base */,
			);
			name = LaunchScreen.xib;
			sourceTree = "<group>";
		};
/* End PBXVariantGroup section */

/* Begin XCBuildConfiguration section */
		953D9C171A6C46EC0097CBDD /* Debug */ = {
			isa = XCBuildConfiguration;
			buildSettings = {
				ALWAYS_SEARCH_USER_PATHS = NO;
				CLANG_CXX_LANGUAGE_STANDARD = "gnu++0x";
				CLANG_CXX_LIBRARY = "libc++";
				CLANG_ENABLE_MODULES = YES;
				CLANG_ENABLE_OBJC_ARC = YES;
				CLANG_WARN_BOOL_CONVERSION = YES;
				CLANG_WARN_CONSTANT_CONVERSION = YES;
				CLANG_WARN_DIRECT_OBJC_ISA_USAGE = YES_ERROR;
				CLANG_WARN_EMPTY_BODY = YES;
				CLANG_WARN_ENUM_CONVERSION = YES;
				CLANG_WARN_INT_CONVERSION = YES;
				CLANG_WARN_OBJC_ROOT_CLASS = YES_ERROR;
				CLANG_WARN_UNREACHABLE_CODE = YES;
				CLANG_WARN__DUPLICATE_METHOD_MATCH = YES;
				"CODE_SIGN_IDENTITY[sdk=iphoneos*]" = "iPhone Developer";
				COPY_PHASE_STRIP = NO;
				ENABLE_STRICT_OBJC_MSGSEND = YES;
				GCC_C_LANGUAGE_STANDARD = gnu99;
				GCC_DYNAMIC_NO_PIC = NO;
				GCC_OPTIMIZATION_LEVEL = 0;
				GCC_PREPROCESSOR_DEFINITIONS = (
					"DEBUG=1",
					"$(inherited)",
				);
				GCC_SYMBOLS_PRIVATE_EXTERN = NO;
				GCC_WARN_64_TO_32_BIT_CONVERSION = YES;
				GCC_WARN_ABOUT_RETURN_TYPE = YES_ERROR;
				GCC_WARN_UNDECLARED_SELECTOR = YES;
				GCC_WARN_UNINITIALIZED_AUTOS = YES_AGGRESSIVE;
				GCC_WARN_UNUSED_FUNCTION = YES;
				GCC_WARN_UNUSED_VARIABLE = YES;
				IPHONEOS_DEPLOYMENT_TARGET = 8.1;
				MTL_ENABLE_DEBUG_INFO = YES;
				ONLY_ACTIVE_ARCH = YES;
				SDKROOT = iphoneos;
				SWIFT_OPTIMIZATION_LEVEL = "-Onone";
				TARGETED_DEVICE_FAMILY = "1,2";
			};
			name = Debug;
		};
		953D9C181A6C46EC0097CBDD /* Release */ = {
			isa = XCBuildConfiguration;
			buildSettings = {
				ALWAYS_SEARCH_USER_PATHS = NO;
				CLANG_CXX_LANGUAGE_STANDARD = "gnu++0x";
				CLANG_CXX_LIBRARY = "libc++";
				CLANG_ENABLE_MODULES = YES;
				CLANG_ENABLE_OBJC_ARC = YES;
				CLANG_WARN_BOOL_CONVERSION = YES;
				CLANG_WARN_CONSTANT_CONVERSION = YES;
				CLANG_WARN_DIRECT_OBJC_ISA_USAGE = YES_ERROR;
				CLANG_WARN_EMPTY_BODY = YES;
				CLANG_WARN_ENUM_CONVERSION = YES;
				CLANG_WARN_INT_CONVERSION = YES;
				CLANG_WARN_OBJC_ROOT_CLASS = YES_ERROR;
				CLANG_WARN_UNREACHABLE_CODE = YES;
				CLANG_WARN__DUPLICATE_METHOD_MATCH = YES;
				"CODE_SIGN_IDENTITY[sdk=iphoneos*]" = "iPhone Developer";
				COPY_PHASE_STRIP = YES;
				ENABLE_NS_ASSERTIONS = NO;
				ENABLE_STRICT_OBJC_MSGSEND = YES;
				GCC_C_LANGUAGE_STANDARD = gnu99;
				GCC_WARN_64_TO_32_BIT_CONVERSION = YES;
				GCC_WARN_ABOUT_RETURN_TYPE = YES_ERROR;
				GCC_WARN_UNDECLARED_SELECTOR = YES;
				GCC_WARN_UNINITIALIZED_AUTOS = YES_AGGRESSIVE;
				GCC_WARN_UNUSED_FUNCTION = YES;
				GCC_WARN_UNUSED_VARIABLE = YES;
				IPHONEOS_DEPLOYMENT_TARGET = 8.1;
				MTL_ENABLE_DEBUG_INFO = NO;
				SDKROOT = iphoneos;
				TARGETED_DEVICE_FAMILY = "1,2";
				VALIDATE_PRODUCT = YES;
			};
			name = Release;
		};
		953D9C1A1A6C46EC0097CBDD /* Debug */ = {
			isa = XCBuildConfiguration;
			buildSettings = {
				ASSETCATALOG_COMPILER_APPICON_NAME = AppIcon;
				INFOPLIST_FILE = "Button Fun/Info.plist";
				LD_RUNPATH_SEARCH_PATHS = "$(inherited) @executable_path/Frameworks";
				PRODUCT_NAME = "$(TARGET_NAME)";
			};
			name = Debug;
		};
		953D9C1B1A6C46EC0097CBDD /* Release */ = {
			isa = XCBuildConfiguration;
			buildSettings = {
				ASSETCATALOG_COMPILER_APPICON_NAME = AppIcon;
				INFOPLIST_FILE = "Button Fun/Info.plist";
				LD_RUNPATH_SEARCH_PATHS = "$(inherited) @executable_path/Frameworks";
				PRODUCT_NAME = "$(TARGET_NAME)";
			};
			name = Release;
		};
		953D9C1D1A6C46EC0097CBDD /* Debug */ = {
			isa = XCBuildConfiguration;
			buildSettings = {
				BUNDLE_LOADER = "$(TEST_HOST)";
				FRAMEWORK_SEARCH_PATHS = (
					"$(SDKROOT)/Developer/Library/Frameworks",
					"$(inherited)",
				);
				GCC_PREPROCESSOR_DEFINITIONS = (
					"DEBUG=1",
					"$(inherited)",
				);
				INFOPLIST_FILE = "Button FunTests/Info.plist";
				LD_RUNPATH_SEARCH_PATHS = "$(inherited) @executable_path/Frameworks @loader_path/Frameworks";
				PRODUCT_NAME = "$(TARGET_NAME)";
				TEST_HOST = "$(BUILT_PRODUCTS_DIR)/Button Fun.app/Button Fun";
			};
			name = Debug;
		};
		953D9C1E1A6C46EC0097CBDD /* Release */ = {
			isa = XCBuildConfiguration;
			buildSettings = {
				BUNDLE_LOADER = "$(TEST_HOST)";
				FRAMEWORK_SEARCH_PATHS = (
					"$(SDKROOT)/Developer/Library/Frameworks",
					"$(inherited)",
				);
				INFOPLIST_FILE = "Button FunTests/Info.plist";
				LD_RUNPATH_SEARCH_PATHS = "$(inherited) @executable_path/Frameworks @loader_path/Frameworks";
				PRODUCT_NAME = "$(TARGET_NAME)";
				TEST_HOST = "$(BUILT_PRODUCTS_DIR)/Button Fun.app/Button Fun";
			};
			name = Release;
		};
/* End XCBuildConfiguration section */

/* Begin XCConfigurationList section */
		953D9BF51A6C46EC0097CBDD /* Build configuration list for PBXProject "Button Fun" */ = {
			isa = XCConfigurationList;
			buildConfigurations = (
				953D9C171A6C46EC0097CBDD /* Debug */,
				953D9C181A6C46EC0097CBDD /* Release */,
			);
			defaultConfigurationIsVisible = 0;
			defaultConfigurationName = Release;
		};
		953D9C191A6C46EC0097CBDD /* Build configuration list for PBXNativeTarget "Button Fun" */ = {
			isa = XCConfigurationList;
			buildConfigurations = (
				953D9C1A1A6C46EC0097CBDD /* Debug */,
				953D9C1B1A6C46EC0097CBDD /* Release */,
			);
			defaultConfigurationIsVisible = 0;
		};
		953D9C1C1A6C46EC0097CBDD /* Build configuration list for PBXNativeTarget "Button FunTests" */ = {
			isa = XCConfigurationList;
			buildConfigurations = (
				953D9C1D1A6C46EC0097CBDD /* Debug */,
				953D9C1E1A6C46EC0097CBDD /* Release */,
			);
			defaultConfigurationIsVisible = 0;
		};
/* End XCConfigurationList section */
	};
	rootObject = 953D9BF21A6C46EC0097CBDD /* Project object */;
}
