// !$*UTF8*$!
{
	archiveVersion = 1;
	classes = {
	};
	objectVersion = 46;
	objects = {

/* Begin PBXBuildFile section */
		959408EF1A6F616F00092AB6 /* AppDelegate.swift in Sources */ = {isa = PBXBuildFile; fileRef = 959408EE1A6F616F00092AB6 /* AppDelegate.swift */; };
		959408F11A6F616F00092AB6 /* ViewController.swift in Sources */ = {isa = PBXBuildFile; fileRef = 959408F01A6F616F00092AB6 /* ViewController.swift */; };
		959408F41A6F616F00092AB6 /* Main.storyboard in Resources */ = {isa = PBXBuildFile; fileRef = 959408F21A6F616F00092AB6 /* Main.storyboard */; };
		959408F61A6F616F00092AB6 /* Images.xcassets in Resources */ = {isa = PBXBuildFile; fileRef = 959408F51A6F616F00092AB6 /* Images.xcassets */; };
		959408F91A6F616F00092AB6 /* LaunchScreen.xib in Resources */ = {isa = PBXBuildFile; fileRef = 959408F71A6F616F00092AB6 /* LaunchScreen.xib */; };
		959409051A6F616F00092AB6 /* simple_tableTests.swift in Sources */ = {isa = PBXBuildFile; fileRef = 959409041A6F616F00092AB6 /* simple_tableTests.swift */; };
/* End PBXBuildFile section */

/* Begin PBXContainerItemProxy section */
		959408FF1A6F616F00092AB6 /* PBXContainerItemProxy */ = {
			isa = PBXContainerItemProxy;
			containerPortal = 959408E11A6F616F00092AB6 /* Project object */;
			proxyType = 1;
			remoteGlobalIDString = 959408E81A6F616F00092AB6;
			remoteInfo = "simple-table";
		};
/* End PBXContainerItemProxy section */

/* Begin PBXFileReference section */
		959408E91A6F616F00092AB6 /* simple-table.app */ = {isa = PBXFileReference; explicitFileType = wrapper.application; includeInIndex = 0; path = "simple-table.app"; sourceTree = BUILT_PRODUCTS_DIR; };
		959408ED1A6F616F00092AB6 /* Info.plist */ = {isa = PBXFileReference; lastKnownFileType = text.plist.xml; path = Info.plist; sourceTree = "<group>"; };
		959408EE1A6F616F00092AB6 /* AppDelegate.swift */ = {isa = PBXFileReference; lastKnownFileType = sourcecode.swift; path = AppDelegate.swift; sourceTree = "<group>"; };
		959408F01A6F616F00092AB6 /* ViewController.swift */ = {isa = PBXFileReference; lastKnownFileType = sourcecode.swift; path = ViewController.swift; sourceTree = "<group>"; };
		959408F31A6F616F00092AB6 /* Base */ = {isa = PBXFileReference; lastKnownFileType = file.storyboard; name = Base; path = Base.lproj/Main.storyboard; sourceTree = "<group>"; };
		959408F51A6F616F00092AB6 /* Images.xcassets */ = {isa = PBXFileReference; lastKnownFileType = folder.assetcatalog; path = Images.xcassets; sourceTree = "<group>"; };
		959408F81A6F616F00092AB6 /* Base */ = {isa = PBXFileReference; lastKnownFileType = file.xib; name = Base; path = Base.lproj/LaunchScreen.xib; sourceTree = "<group>"; };
		959408FE1A6F616F00092AB6 /* simple-tableTests.xctest */ = {isa = PBXFileReference; explicitFileType = wrapper.cfbundle; includeInIndex = 0; path = "simple-tableTests.xctest"; sourceTree = BUILT_PRODUCTS_DIR; };
		959409031A6F616F00092AB6 /* Info.plist */ = {isa = PBXFileReference; lastKnownFileType = text.plist.xml; path = Info.plist; sourceTree = "<group>"; };
		959409041A6F616F00092AB6 /* simple_tableTests.swift */ = {isa = PBXFileReference; lastKnownFileType = sourcecode.swift; path = simple_tableTests.swift; sourceTree = "<group>"; };
/* End PBXFileReference section */

/* Begin PBXFrameworksBuildPhase section */
		959408E61A6F616F00092AB6 /* Frameworks */ = {
			isa = PBXFrameworksBuildPhase;
			buildActionMask = 2147483647;
			files = (
			);
			runOnlyForDeploymentPostprocessing = 0;
		};
		959408FB1A6F616F00092AB6 /* Frameworks */ = {
			isa = PBXFrameworksBuildPhase;
			buildActionMask = 2147483647;
			files = (
			);
			runOnlyForDeploymentPostprocessing = 0;
		};
/* End PBXFrameworksBuildPhase section */

/* Begin PBXGroup section */
		959408E01A6F616F00092AB6 = {
			isa = PBXGroup;
			children = (
				959408EB1A6F616F00092AB6 /* simple-table */,
				959409011A6F616F00092AB6 /* simple-tableTests */,
				959408EA1A6F616F00092AB6 /* Products */,
			);
			sourceTree = "<group>";
		};
		959408EA1A6F616F00092AB6 /* Products */ = {
			isa = PBXGroup;
			children = (
				959408E91A6F616F00092AB6 /* simple-table.app */,
				959408FE1A6F616F00092AB6 /* simple-tableTests.xctest */,
			);
			name = Products;
			sourceTree = "<group>";
		};
		959408EB1A6F616F00092AB6 /* simple-table */ = {
			isa = PBXGroup;
			children = (
				959408EE1A6F616F00092AB6 /* AppDelegate.swift */,
				959408F01A6F616F00092AB6 /* ViewController.swift */,
				959408F21A6F616F00092AB6 /* Main.storyboard */,
				959408F51A6F616F00092AB6 /* Images.xcassets */,
				959408F71A6F616F00092AB6 /* LaunchScreen.xib */,
				959408EC1A6F616F00092AB6 /* Supporting Files */,
			);
			path = "simple-table";
			sourceTree = "<group>";
		};
		959408EC1A6F616F00092AB6 /* Supporting Files */ = {
			isa = PBXGroup;
			children = (
				959408ED1A6F616F00092AB6 /* Info.plist */,
			);
			name = "Supporting Files";
			sourceTree = "<group>";
		};
		959409011A6F616F00092AB6 /* simple-tableTests */ = {
			isa = PBXGroup;
			children = (
				959409041A6F616F00092AB6 /* simple_tableTests.swift */,
				959409021A6F616F00092AB6 /* Supporting Files */,
			);
			path = "simple-tableTests";
			sourceTree = "<group>";
		};
		959409021A6F616F00092AB6 /* Supporting Files */ = {
			isa = PBXGroup;
			children = (
				959409031A6F616F00092AB6 /* Info.plist */,
			);
			name = "Supporting Files";
			sourceTree = "<group>";
		};
/* End PBXGroup section */

/* Begin PBXNativeTarget section */
		959408E81A6F616F00092AB6 /* simple-table */ = {
			isa = PBXNativeTarget;
			buildConfigurationList = 959409081A6F616F00092AB6 /* Build configuration list for PBXNativeTarget "simple-table" */;
			buildPhases = (
				959408E51A6F616F00092AB6 /* Sources */,
				959408E61A6F616F00092AB6 /* Frameworks */,
				959408E71A6F616F00092AB6 /* Resources */,
			);
			buildRules = (
			);
			dependencies = (
			);
			name = "simple-table";
			productName = "simple-table";
			productReference = 959408E91A6F616F00092AB6 /* simple-table.app */;
			productType = "com.apple.product-type.application";
		};
		959408FD1A6F616F00092AB6 /* simple-tableTests */ = {
			isa = PBXNativeTarget;
			buildConfigurationList = 9594090B1A6F616F00092AB6 /* Build configuration list for PBXNativeTarget "simple-tableTests" */;
			buildPhases = (
				959408FA1A6F616F00092AB6 /* Sources */,
				959408FB1A6F616F00092AB6 /* Frameworks */,
				959408FC1A6F616F00092AB6 /* Resources */,
			);
			buildRules = (
			);
			dependencies = (
				959409001A6F616F00092AB6 /* PBXTargetDependency */,
			);
			name = "simple-tableTests";
			productName = "simple-tableTests";
			productReference = 959408FE1A6F616F00092AB6 /* simple-tableTests.xctest */;
			productType = "com.apple.product-type.bundle.unit-test";
		};
/* End PBXNativeTarget section */

/* Begin PBXProject section */
		959408E11A6F616F00092AB6 /* Project object */ = {
			isa = PBXProject;
			attributes = {
				LastUpgradeCheck = 0610;
				ORGANIZATIONNAME = dugancathal;
				TargetAttributes = {
					959408E81A6F616F00092AB6 = {
						CreatedOnToolsVersion = 6.1.1;
					};
					959408FD1A6F616F00092AB6 = {
						CreatedOnToolsVersion = 6.1.1;
						TestTargetID = 959408E81A6F616F00092AB6;
					};
				};
			};
			buildConfigurationList = 959408E41A6F616F00092AB6 /* Build configuration list for PBXProject "simple-table" */;
			compatibilityVersion = "Xcode 3.2";
			developmentRegion = English;
			hasScannedForEncodings = 0;
			knownRegions = (
				en,
				Base,
			);
			mainGroup = 959408E01A6F616F00092AB6;
			productRefGroup = 959408EA1A6F616F00092AB6 /* Products */;
			projectDirPath = "";
			projectRoot = "";
			targets = (
				959408E81A6F616F00092AB6 /* simple-table */,
				959408FD1A6F616F00092AB6 /* simple-tableTests */,
			);
		};
/* End PBXProject section */

/* Begin PBXResourcesBuildPhase section */
		959408E71A6F616F00092AB6 /* Resources */ = {
			isa = PBXResourcesBuildPhase;
			buildActionMask = 2147483647;
			files = (
				959408F41A6F616F00092AB6 /* Main.storyboard in Resources */,
				959408F91A6F616F00092AB6 /* LaunchScreen.xib in Resources */,
				959408F61A6F616F00092AB6 /* Images.xcassets in Resources */,
			);
			runOnlyForDeploymentPostprocessing = 0;
		};
		959408FC1A6F616F00092AB6 /* Resources */ = {
			isa = PBXResourcesBuildPhase;
			buildActionMask = 2147483647;
			files = (
			);
			runOnlyForDeploymentPostprocessing = 0;
		};
/* End PBXResourcesBuildPhase section */

/* Begin PBXSourcesBuildPhase section */
		959408E51A6F616F00092AB6 /* Sources */ = {
			isa = PBXSourcesBuildPhase;
			buildActionMask = 2147483647;
			files = (
				959408F11A6F616F00092AB6 /* ViewController.swift in Sources */,
				959408EF1A6F616F00092AB6 /* AppDelegate.swift in Sources */,
			);
			runOnlyForDeploymentPostprocessing = 0;
		};
		959408FA1A6F616F00092AB6 /* Sources */ = {
			isa = PBXSourcesBuildPhase;
			buildActionMask = 2147483647;
			files = (
				959409051A6F616F00092AB6 /* simple_tableTests.swift in Sources */,
			);
			runOnlyForDeploymentPostprocessing = 0;
		};
/* End PBXSourcesBuildPhase section */

/* Begin PBXTargetDependency section */
		959409001A6F616F00092AB6 /* PBXTargetDependency */ = {
			isa = PBXTargetDependency;
			target = 959408E81A6F616F00092AB6 /* simple-table */;
			targetProxy = 959408FF1A6F616F00092AB6 /* PBXContainerItemProxy */;
		};
/* End PBXTargetDependency section */

/* Begin PBXVariantGroup section */
		959408F21A6F616F00092AB6 /* Main.storyboard */ = {
			isa = PBXVariantGroup;
			children = (
				959408F31A6F616F00092AB6 /* Base */,
			);
			name = Main.storyboard;
			sourceTree = "<group>";
		};
		959408F71A6F616F00092AB6 /* LaunchScreen.xib */ = {
			isa = PBXVariantGroup;
			children = (
				959408F81A6F616F00092AB6 /* Base */,
			);
			name = LaunchScreen.xib;
			sourceTree = "<group>";
		};
/* End PBXVariantGroup section */

/* Begin XCBuildConfiguration section */
		959409061A6F616F00092AB6 /* Debug */ = {
			isa = XCBuildConfiguration;
			buildSettings = {
				ALWAYS_SEARCH_USER_PATHS = NO;
				CLANG_CXX_LANGUAGE_STANDARD = "gnu++0x";
				CLANG_CXX_LIBRARY = "libc++";
				CLANG_ENABLE_MODULES = YES;
				CLANG_ENABLE_OBJC_ARC = YES;
				CLANG_WARN_BOOL_CONVERSION = YES;
				CLANG_WARN_CONSTANT_CONVERSION = YES;
				CLANG_WARN_DIRECT_OBJC_ISA_USAGE = YES_ERROR;
				CLANG_WARN_EMPTY_BODY = YES;
				CLANG_WARN_ENUM_CONVERSION = YES;
				CLANG_WARN_INT_CONVERSION = YES;
				CLANG_WARN_OBJC_ROOT_CLASS = YES_ERROR;
				CLANG_WARN_UNREACHABLE_CODE = YES;
				CLANG_WARN__DUPLICATE_METHOD_MATCH = YES;
				"CODE_SIGN_IDENTITY[sdk=iphoneos*]" = "iPhone Developer";
				COPY_PHASE_STRIP = NO;
				ENABLE_STRICT_OBJC_MSGSEND = YES;
				GCC_C_LANGUAGE_STANDARD = gnu99;
				GCC_DYNAMIC_NO_PIC = NO;
				GCC_OPTIMIZATION_LEVEL = 0;
				GCC_PREPROCESSOR_DEFINITIONS = (
					"DEBUG=1",
					"$(inherited)",
				);
				GCC_SYMBOLS_PRIVATE_EXTERN = NO;
				GCC_WARN_64_TO_32_BIT_CONVERSION = YES;
				GCC_WARN_ABOUT_RETURN_TYPE = YES_ERROR;
				GCC_WARN_UNDECLARED_SELECTOR = YES;
				GCC_WARN_UNINITIALIZED_AUTOS = YES_AGGRESSIVE;
				GCC_WARN_UNUSED_FUNCTION = YES;
				GCC_WARN_UNUSED_VARIABLE = YES;
				IPHONEOS_DEPLOYMENT_TARGET = 8.1;
				MTL_ENABLE_DEBUG_INFO = YES;
				ONLY_ACTIVE_ARCH = YES;
				SDKROOT = iphoneos;
				SWIFT_OPTIMIZATION_LEVEL = "-Onone";
				TARGETED_DEVICE_FAMILY = "1,2";
			};
			name = Debug;
		};
		959409071A6F616F00092AB6 /* Release */ = {
			isa = XCBuildConfiguration;
			buildSettings = {
				ALWAYS_SEARCH_USER_PATHS = NO;
				CLANG_CXX_LANGUAGE_STANDARD = "gnu++0x";
				CLANG_CXX_LIBRARY = "libc++";
				CLANG_ENABLE_MODULES = YES;
				CLANG_ENABLE_OBJC_ARC = YES;
				CLANG_WARN_BOOL_CONVERSION = YES;
				CLANG_WARN_CONSTANT_CONVERSION = YES;
				CLANG_WARN_DIRECT_OBJC_ISA_USAGE = YES_ERROR;
				CLANG_WARN_EMPTY_BODY = YES;
				CLANG_WARN_ENUM_CONVERSION = YES;
				CLANG_WARN_INT_CONVERSION = YES;
				CLANG_WARN_OBJC_ROOT_CLASS = YES_ERROR;
				CLANG_WARN_UNREACHABLE_CODE = YES;
				CLANG_WARN__DUPLICATE_METHOD_MATCH = YES;
				"CODE_SIGN_IDENTITY[sdk=iphoneos*]" = "iPhone Developer";
				COPY_PHASE_STRIP = YES;
				ENABLE_NS_ASSERTIONS = NO;
				ENABLE_STRICT_OBJC_MSGSEND = YES;
				GCC_C_LANGUAGE_STANDARD = gnu99;
				GCC_WARN_64_TO_32_BIT_CONVERSION = YES;
				GCC_WARN_ABOUT_RETURN_TYPE = YES_ERROR;
				GCC_WARN_UNDECLARED_SELECTOR = YES;
				GCC_WARN_UNINITIALIZED_AUTOS = YES_AGGRESSIVE;
				GCC_WARN_UNUSED_FUNCTION = YES;
				GCC_WARN_UNUSED_VARIABLE = YES;
				IPHONEOS_DEPLOYMENT_TARGET = 8.1;
				MTL_ENABLE_DEBUG_INFO = NO;
				SDKROOT = iphoneos;
				TARGETED_DEVICE_FAMILY = "1,2";
				VALIDATE_PRODUCT = YES;
			};
			name = Release;
		};
		959409091A6F616F00092AB6 /* Debug */ = {
			isa = XCBuildConfiguration;
			buildSettings = {
				ASSETCATALOG_COMPILER_APPICON_NAME = AppIcon;
				INFOPLIST_FILE = "simple-table/Info.plist";
				LD_RUNPATH_SEARCH_PATHS = "$(inherited) @executable_path/Frameworks";
				PRODUCT_NAME = "$(TARGET_NAME)";
			};
			name = Debug;
		};
		9594090A1A6F616F00092AB6 /* Release */ = {
			isa = XCBuildConfiguration;
			buildSettings = {
				ASSETCATALOG_COMPILER_APPICON_NAME = AppIcon;
				INFOPLIST_FILE = "simple-table/Info.plist";
				LD_RUNPATH_SEARCH_PATHS = "$(inherited) @executable_path/Frameworks";
				PRODUCT_NAME = "$(TARGET_NAME)";
			};
			name = Release;
		};
		9594090C1A6F616F00092AB6 /* Debug */ = {
			isa = XCBuildConfiguration;
			buildSettings = {
				BUNDLE_LOADER = "$(TEST_HOST)";
				FRAMEWORK_SEARCH_PATHS = (
					"$(SDKROOT)/Developer/Library/Frameworks",
					"$(inherited)",
				);
				GCC_PREPROCESSOR_DEFINITIONS = (
					"DEBUG=1",
					"$(inherited)",
				);
				INFOPLIST_FILE = "simple-tableTests/Info.plist";
				LD_RUNPATH_SEARCH_PATHS = "$(inherited) @executable_path/Frameworks @loader_path/Frameworks";
				PRODUCT_NAME = "$(TARGET_NAME)";
				TEST_HOST = "$(BUILT_PRODUCTS_DIR)/simple-table.app/simple-table";
			};
			name = Debug;
		};
		9594090D1A6F616F00092AB6 /* Release */ = {
			isa = XCBuildConfiguration;
			buildSettings = {
				BUNDLE_LOADER = "$(TEST_HOST)";
				FRAMEWORK_SEARCH_PATHS = (
					"$(SDKROOT)/Developer/Library/Frameworks",
					"$(inherited)",
				);
				INFOPLIST_FILE = "simple-tableTests/Info.plist";
				LD_RUNPATH_SEARCH_PATHS = "$(inherited) @executable_path/Frameworks @loader_path/Frameworks";
				PRODUCT_NAME = "$(TARGET_NAME)";
				TEST_HOST = "$(BUILT_PRODUCTS_DIR)/simple-table.app/simple-table";
			};
			name = Release;
		};
/* End XCBuildConfiguration section */

/* Begin XCConfigurationList section */
		959408E41A6F616F00092AB6 /* Build configuration list for PBXProject "simple-table" */ = {
			isa = XCConfigurationList;
			buildConfigurations = (
				959409061A6F616F00092AB6 /* Debug */,
				959409071A6F616F00092AB6 /* Release */,
			);
			defaultConfigurationIsVisible = 0;
			defaultConfigurationName = Release;
		};
		959409081A6F616F00092AB6 /* Build configuration list for PBXNativeTarget "simple-table" */ = {
			isa = XCConfigurationList;
			buildConfigurations = (
				959409091A6F616F00092AB6 /* Debug */,
				9594090A1A6F616F00092AB6 /* Release */,
			);
			defaultConfigurationIsVisible = 0;
		};
		9594090B1A6F616F00092AB6 /* Build configuration list for PBXNativeTarget "simple-tableTests" */ = {
			isa = XCConfigurationList;
			buildConfigurations = (
				9594090C1A6F616F00092AB6 /* Debug */,
				9594090D1A6F616F00092AB6 /* Release */,
			);
			defaultConfigurationIsVisible = 0;
		};
/* End XCConfigurationList section */
	};
	rootObject = 959408E11A6F616F00092AB6 /* Project object */;
}
